// !$*UTF8*$!
{
	archiveVersion = 1;
	classes = {
	};
	objectVersion = 56;
	objects = {

/* Begin PBXBuildFile section */
		C524791E2B95224B00B591FA /* DataLoader.swift in Sources */ = {isa = PBXBuildFile; fileRef = C524791D2B95224B00B591FA /* DataLoader.swift */; };
		C52479202B95240600B591FA /* ContentViewTest.swift in Sources */ = {isa = PBXBuildFile; fileRef = C524791F2B95240600B591FA /* ContentViewTest.swift */; };
		C53973662B8295A600628EC3 /* ExView.swift in Sources */ = {isa = PBXBuildFile; fileRef = C53973652B8295A600628EC3 /* ExView.swift */; };
		C53973682B829A7800628EC3 /* YourViewModel.swift in Sources */ = {isa = PBXBuildFile; fileRef = C53973672B829A7800628EC3 /* YourViewModel.swift */; };
		C539736A2B829B7B00628EC3 /* Tab.swift in Sources */ = {isa = PBXBuildFile; fileRef = C53973692B829B7B00628EC3 /* Tab.swift */; };
		C539CA742B8C5B5B009D9A65 /* NomenclatureViewModel.swift in Sources */ = {isa = PBXBuildFile; fileRef = C539CA732B8C5B5B009D9A65 /* NomenclatureViewModel.swift */; };
		C53F43762B9E50D500A6E0FA /* Characteristics.swift in Sources */ = {isa = PBXBuildFile; fileRef = C53F43752B9E50D500A6E0FA /* Characteristics.swift */; };
		C53F43782B9E521F00A6E0FA /* DataLoaderFullNomenclature.swift in Sources */ = {isa = PBXBuildFile; fileRef = C53F43772B9E521F00A6E0FA /* DataLoaderFullNomenclature.swift */; };
		C540B25A2B64F5520050B9C1 /* LogoImageCircle.swift in Sources */ = {isa = PBXBuildFile; fileRef = C540B2592B64F5520050B9C1 /* LogoImageCircle.swift */; };
		C540B25C2B658A300050B9C1 /* MainLoginView.swift in Sources */ = {isa = PBXBuildFile; fileRef = C540B25B2B658A300050B9C1 /* MainLoginView.swift */; };
		C540B2652B6593600050B9C1 /* HomePageView.swift in Sources */ = {isa = PBXBuildFile; fileRef = C540B2642B6593600050B9C1 /* HomePageView.swift */; };
		C540B2672B6593D60050B9C1 /* CatalogView.swift in Sources */ = {isa = PBXBuildFile; fileRef = C540B2662B6593D60050B9C1 /* CatalogView.swift */; };
		C540B2692B6594370050B9C1 /* BasketView.swift in Sources */ = {isa = PBXBuildFile; fileRef = C540B2682B6594370050B9C1 /* BasketView.swift */; };
		C540B26B2B6594A50050B9C1 /* CabinetView.swift in Sources */ = {isa = PBXBuildFile; fileRef = C540B26A2B6594A50050B9C1 /* CabinetView.swift */; };
		C540B2722B65A4720050B9C1 /* ModelData.swift in Sources */ = {isa = PBXBuildFile; fileRef = C540B2712B65A4720050B9C1 /* ModelData.swift */; };
		C540B2742B65A5B10050B9C1 /* GroupWithNomenclatures.swift in Sources */ = {isa = PBXBuildFile; fileRef = C540B2732B65A5B10050B9C1 /* GroupWithNomenclatures.swift */; };
		C540B2762B65AA220050B9C1 /* GroupsAndNomenclatures.json in Resources */ = {isa = PBXBuildFile; fileRef = C540B2752B65AA220050B9C1 /* GroupsAndNomenclatures.json */; };
		C540B2792B65AC520050B9C1 /* HomePageItem.swift in Sources */ = {isa = PBXBuildFile; fileRef = C540B2782B65AC520050B9C1 /* HomePageItem.swift */; };
		C540B27B2B65AC780050B9C1 /* HomePageDetail.swift in Sources */ = {isa = PBXBuildFile; fileRef = C540B27A2B65AC780050B9C1 /* HomePageDetail.swift */; };
		C540B27F2B65B0290050B9C1 /* GroupsAndNomenclatures2.json in Resources */ = {isa = PBXBuildFile; fileRef = C540B27E2B65B0290050B9C1 /* GroupsAndNomenclatures2.json */; };
		C540B2812B65B2750050B9C1 /* HomePageRow.swift in Sources */ = {isa = PBXBuildFile; fileRef = C540B2802B65B2750050B9C1 /* HomePageRow.swift */; };
		C54345682B7985B6001D60DE /* MyOrderView.swift in Sources */ = {isa = PBXBuildFile; fileRef = C54345672B7985B6001D60DE /* MyOrderView.swift */; };
		C543456C2B798850001D60DE /* HomePageVM.swift in Sources */ = {isa = PBXBuildFile; fileRef = C543456B2B798850001D60DE /* HomePageVM.swift */; };
		C543456E2B798F5E001D60DE /* MyOrdersView.swift in Sources */ = {isa = PBXBuildFile; fileRef = C543456D2B798F5E001D60DE /* MyOrdersView.swift */; };
		C54345712B79937C001D60DE /* BalanceView.swift in Sources */ = {isa = PBXBuildFile; fileRef = C54345702B79937C001D60DE /* BalanceView.swift */; };
		C54345742B79940D001D60DE /* SettingsView.swift in Sources */ = {isa = PBXBuildFile; fileRef = C54345732B79940D001D60DE /* SettingsView.swift */; };
		C54345772B7995A2001D60DE /* AboutView.swift in Sources */ = {isa = PBXBuildFile; fileRef = C54345762B7995A2001D60DE /* AboutView.swift */; };
		C5443DDC2B5D8BE50082BE6F /* ProfileLoginView.swift in Sources */ = {isa = PBXBuildFile; fileRef = C5443DDB2B5D8BE50082BE6F /* ProfileLoginView.swift */; };
		C5443DDF2B5D8C150082BE6F /* Profile.swift in Sources */ = {isa = PBXBuildFile; fileRef = C5443DDE2B5D8C150082BE6F /* Profile.swift */; };
		C5443DE22B5DAFC50082BE6F /* MainView.swift in Sources */ = {isa = PBXBuildFile; fileRef = C5443DE12B5DAFC50082BE6F /* MainView.swift */; };
		C54FEE8C2B81897400AE8DEC /* LoginView.swift in Sources */ = {isa = PBXBuildFile; fileRef = C54FEE8B2B81897400AE8DEC /* LoginView.swift */; };
		C5755CE92B8AA582005318A7 /* ImageModel.swift in Sources */ = {isa = PBXBuildFile; fileRef = C5755CE82B8AA582005318A7 /* ImageModel.swift */; };
		C5755CEB2B8AA5F4005318A7 /* ImageViewer.swift in Sources */ = {isa = PBXBuildFile; fileRef = C5755CEA2B8AA5F4005318A7 /* ImageViewer.swift */; };
		C58AF1A12B854B84008B0CCF /* Nomenclature2.swift in Sources */ = {isa = PBXBuildFile; fileRef = C58AF1A02B854B84008B0CCF /* Nomenclature2.swift */; };
		C58F7D0F2BA61CE200307B63 /* NavigationBarDetailView.swift in Sources */ = {isa = PBXBuildFile; fileRef = C58F7D0E2BA61CE200307B63 /* NavigationBarDetailView.swift */; };
		C58F7D152BA61E6F00307B63 /* Shop.swift in Sources */ = {isa = PBXBuildFile; fileRef = C58F7D142BA61E6F00307B63 /* Shop.swift */; };
		C58F7D182BA61EFB00307B63 /* product.json in Resources */ = {isa = PBXBuildFile; fileRef = C58F7D172BA61EFB00307B63 /* product.json */; };
		C58F7D1B2BA61F4B00307B63 /* ProductModel.swift in Sources */ = {isa = PBXBuildFile; fileRef = C58F7D1A2BA61F4B00307B63 /* ProductModel.swift */; };
		C58F7D1D2BA61FC100307B63 /* Constant.swift in Sources */ = {isa = PBXBuildFile; fileRef = C58F7D1C2BA61FC100307B63 /* Constant.swift */; };
		C58F7D1F2BA62BFE00307B63 /* HeaderDetailView.swift in Sources */ = {isa = PBXBuildFile; fileRef = C58F7D1E2BA62BFE00307B63 /* HeaderDetailView.swift */; };
		C58F7D212BA62E7400307B63 /* TopPartDetailView.swift in Sources */ = {isa = PBXBuildFile; fileRef = C58F7D202BA62E7400307B63 /* TopPartDetailView.swift */; };
		C58F7D232BA637B700307B63 /* RatingsSizesDetailView.swift in Sources */ = {isa = PBXBuildFile; fileRef = C58F7D222BA637B700307B63 /* RatingsSizesDetailView.swift */; };
		C58F7D252BA639ED00307B63 /* QuantityFavouriteDetailView.swift in Sources */ = {isa = PBXBuildFile; fileRef = C58F7D242BA639ED00307B63 /* QuantityFavouriteDetailView.swift */; };
		C58F7D272BA63ADF00307B63 /* AddToCartDetailView.swift in Sources */ = {isa = PBXBuildFile; fileRef = C58F7D262BA63ADF00307B63 /* AddToCartDetailView.swift */; };
		C58F7D292BA63BB300307B63 /* CustomShape.swift in Sources */ = {isa = PBXBuildFile; fileRef = C58F7D282BA63BB300307B63 /* CustomShape.swift */; };
		C58F7D2C2BA63DDC00307B63 /* NavigationBarView.swift in Sources */ = {isa = PBXBuildFile; fileRef = C58F7D2B2BA63DDC00307B63 /* NavigationBarView.swift */; };
		C58F7D2E2BA63E4200307B63 /* LogoView.swift in Sources */ = {isa = PBXBuildFile; fileRef = C58F7D2D2BA63E4200307B63 /* LogoView.swift */; };
		C5930DEF2B9C719700287F48 /* CustomBackgroundView.swift in Sources */ = {isa = PBXBuildFile; fileRef = C5930DEE2B9C719700287F48 /* CustomBackgroundView.swift */; };
		C5930DF22B9C720F00287F48 /* ColorExtention.swift in Sources */ = {isa = PBXBuildFile; fileRef = C5930DF12B9C720F00287F48 /* ColorExtention.swift */; };
		C5930DF42B9D03ED00287F48 /* GradientButtonStyle.swift in Sources */ = {isa = PBXBuildFile; fileRef = C5930DF32B9D03ED00287F48 /* GradientButtonStyle.swift */; };
		C59548612BFC9FA1002F2BD6 /* NavigationBarSearchListNomenclatureView.swift in Sources */ = {isa = PBXBuildFile; fileRef = C59548602BFC9FA1002F2BD6 /* NavigationBarSearchListNomenclatureView.swift */; };
		C5966FAF2B77768B00A0A693 /* NomenclatureView.swift in Sources */ = {isa = PBXBuildFile; fileRef = C5966FAE2B77768B00A0A693 /* NomenclatureView.swift */; };
		C5966FB22B7777B100A0A693 /* NetworkService.swift in Sources */ = {isa = PBXBuildFile; fileRef = C5966FB12B7777B100A0A693 /* NetworkService.swift */; };
		C5A063572BCC2C0B005A48DA /* NomenclatureManager.swift in Sources */ = {isa = PBXBuildFile; fileRef = C5A063562BCC2C0B005A48DA /* NomenclatureManager.swift */; };
		C5A063592BCC3B3E005A48DA /* GroupManager.swift in Sources */ = {isa = PBXBuildFile; fileRef = C5A063582BCC3B3E005A48DA /* GroupManager.swift */; };
		C5B170552BDC7A500068411D /* OneBasketView.swift in Sources */ = {isa = PBXBuildFile; fileRef = C5B170542BDC7A500068411D /* OneBasketView.swift */; };
		C5B170572BDC7F140068411D /* Characteristicses.swift in Sources */ = {isa = PBXBuildFile; fileRef = C5B170562BDC7F140068411D /* Characteristicses.swift */; };
		C5B170592BDC883D0068411D /* Basket.swift in Sources */ = {isa = PBXBuildFile; fileRef = C5B170582BDC883D0068411D /* Basket.swift */; };
		C5B1705D2BDC911E0068411D /* Basket.json in Resources */ = {isa = PBXBuildFile; fileRef = C5B1705C2BDC911E0068411D /* Basket.json */; };
		C5B40C042B4B3CCB00847EE4 /* MegadropApp.swift in Sources */ = {isa = PBXBuildFile; fileRef = C5B40C032B4B3CCB00847EE4 /* MegadropApp.swift */; };
		C5B40C062B4B3CCB00847EE4 /* ContentView.swift in Sources */ = {isa = PBXBuildFile; fileRef = C5B40C052B4B3CCB00847EE4 /* ContentView.swift */; };
		C5B40C082B4B3CCD00847EE4 /* Assets.xcassets in Resources */ = {isa = PBXBuildFile; fileRef = C5B40C072B4B3CCD00847EE4 /* Assets.xcassets */; };
		C5B40C0B2B4B3CCD00847EE4 /* Preview Assets.xcassets in Resources */ = {isa = PBXBuildFile; fileRef = C5B40C0A2B4B3CCD00847EE4 /* Preview Assets.xcassets */; };
		C5B40C142B4B47EF00847EE4 /* LogoImage.swift in Sources */ = {isa = PBXBuildFile; fileRef = C5B40C132B4B47EE00847EE4 /* LogoImage.swift */; };
		C5B4D8352B669C3C009CE4A1 /* HomePageNomenclature.swift in Sources */ = {isa = PBXBuildFile; fileRef = C5B4D8342B669C3C009CE4A1 /* HomePageNomenclature.swift */; };
		C5B4D8372B66A56A009CE4A1 /* Nomenclature.swift in Sources */ = {isa = PBXBuildFile; fileRef = C5B4D8362B66A56A009CE4A1 /* Nomenclature.swift */; };
		C5B4D8392B66A839009CE4A1 /* HomePageListNomenclature.swift in Sources */ = {isa = PBXBuildFile; fileRef = C5B4D8382B66A839009CE4A1 /* HomePageListNomenclature.swift */; };
		C5B4D83B2B66AF3B009CE4A1 /* HomePageGroup.swift in Sources */ = {isa = PBXBuildFile; fileRef = C5B4D83A2B66AF3B009CE4A1 /* HomePageGroup.swift */; };
		C5B8A0172BD316BD00F85BCE /* BasketReply.swift in Sources */ = {isa = PBXBuildFile; fileRef = C5B8A0162BD316BD00F85BCE /* BasketReply.swift */; };
		C5C4B0982BF5DEBF00FF0C98 /* NavigationBarHomeView.swift in Sources */ = {isa = PBXBuildFile; fileRef = C5C4B0972BF5DEBF00FF0C98 /* NavigationBarHomeView.swift */; };
		C5C4B09A2BF5E50F00FF0C98 /* DetailsView.swift in Sources */ = {isa = PBXBuildFile; fileRef = C5C4B0992BF5E50F00FF0C98 /* DetailsView.swift */; };
		C5CFBBB42BB76A340087B6EA /* ImageLoader.swift in Sources */ = {isa = PBXBuildFile; fileRef = C5CFBBB32BB76A340087B6EA /* ImageLoader.swift */; };
		C5CFBBB62BB76AA80087B6EA /* ImageData.swift in Sources */ = {isa = PBXBuildFile; fileRef = C5CFBBB52BB76AA80087B6EA /* ImageData.swift */; };
		C5CFBBB82BB76EEA0087B6EA /* NomenclatureFullDataLoader.swift in Sources */ = {isa = PBXBuildFile; fileRef = C5CFBBB72BB76EEA0087B6EA /* NomenclatureFullDataLoader.swift */; };
		C5D732FD2B8F058B002D770F /* PictureNomenclature.swift in Sources */ = {isa = PBXBuildFile; fileRef = C5D732FC2B8F058B002D770F /* PictureNomenclature.swift */; };
		C5E8D5F22B95A5660032F0BD /* Nomenclature3.swift in Sources */ = {isa = PBXBuildFile; fileRef = C5E8D5F12B95A5660032F0BD /* Nomenclature3.swift */; };
		C5EF5C822BDCF32500623F9D /* BasketManager.swift in Sources */ = {isa = PBXBuildFile; fileRef = C5EF5C812BDCF32500623F9D /* BasketManager.swift */; };
/* End PBXBuildFile section */

/* Begin PBXFileReference section */
		C524791D2B95224B00B591FA /* DataLoader.swift */ = {isa = PBXFileReference; lastKnownFileType = sourcecode.swift; path = DataLoader.swift; sourceTree = "<group>"; };
		C524791F2B95240600B591FA /* ContentViewTest.swift */ = {isa = PBXFileReference; lastKnownFileType = sourcecode.swift; path = ContentViewTest.swift; sourceTree = "<group>"; };
		C53973652B8295A600628EC3 /* ExView.swift */ = {isa = PBXFileReference; lastKnownFileType = sourcecode.swift; path = ExView.swift; sourceTree = "<group>"; };
		C53973672B829A7800628EC3 /* YourViewModel.swift */ = {isa = PBXFileReference; lastKnownFileType = sourcecode.swift; path = YourViewModel.swift; sourceTree = "<group>"; };
		C53973692B829B7B00628EC3 /* Tab.swift */ = {isa = PBXFileReference; lastKnownFileType = sourcecode.swift; path = Tab.swift; sourceTree = "<group>"; };
		C539CA732B8C5B5B009D9A65 /* NomenclatureViewModel.swift */ = {isa = PBXFileReference; lastKnownFileType = sourcecode.swift; path = NomenclatureViewModel.swift; sourceTree = "<group>"; };
		C53F43752B9E50D500A6E0FA /* Characteristics.swift */ = {isa = PBXFileReference; lastKnownFileType = sourcecode.swift; path = Characteristics.swift; sourceTree = "<group>"; };
		C53F43772B9E521F00A6E0FA /* DataLoaderFullNomenclature.swift */ = {isa = PBXFileReference; lastKnownFileType = sourcecode.swift; path = DataLoaderFullNomenclature.swift; sourceTree = "<group>"; };
		C540B2592B64F5520050B9C1 /* LogoImageCircle.swift */ = {isa = PBXFileReference; lastKnownFileType = sourcecode.swift; path = LogoImageCircle.swift; sourceTree = "<group>"; };
		C540B25B2B658A300050B9C1 /* MainLoginView.swift */ = {isa = PBXFileReference; lastKnownFileType = sourcecode.swift; path = MainLoginView.swift; sourceTree = "<group>"; };
		C540B2642B6593600050B9C1 /* HomePageView.swift */ = {isa = PBXFileReference; lastKnownFileType = sourcecode.swift; path = HomePageView.swift; sourceTree = "<group>"; };
		C540B2662B6593D60050B9C1 /* CatalogView.swift */ = {isa = PBXFileReference; lastKnownFileType = sourcecode.swift; path = CatalogView.swift; sourceTree = "<group>"; };
		C540B2682B6594370050B9C1 /* BasketView.swift */ = {isa = PBXFileReference; lastKnownFileType = sourcecode.swift; path = BasketView.swift; sourceTree = "<group>"; };
		C540B26A2B6594A50050B9C1 /* CabinetView.swift */ = {isa = PBXFileReference; lastKnownFileType = sourcecode.swift; path = CabinetView.swift; sourceTree = "<group>"; };
		C540B2712B65A4720050B9C1 /* ModelData.swift */ = {isa = PBXFileReference; lastKnownFileType = sourcecode.swift; path = ModelData.swift; sourceTree = "<group>"; };
		C540B2732B65A5B10050B9C1 /* GroupWithNomenclatures.swift */ = {isa = PBXFileReference; lastKnownFileType = sourcecode.swift; path = GroupWithNomenclatures.swift; sourceTree = "<group>"; };
		C540B2752B65AA220050B9C1 /* GroupsAndNomenclatures.json */ = {isa = PBXFileReference; fileEncoding = 4; lastKnownFileType = text.json; path = GroupsAndNomenclatures.json; sourceTree = "<group>"; };
		C540B2782B65AC520050B9C1 /* HomePageItem.swift */ = {isa = PBXFileReference; lastKnownFileType = sourcecode.swift; path = HomePageItem.swift; sourceTree = "<group>"; };
		C540B27A2B65AC780050B9C1 /* HomePageDetail.swift */ = {isa = PBXFileReference; lastKnownFileType = sourcecode.swift; path = HomePageDetail.swift; sourceTree = "<group>"; };
		C540B27E2B65B0290050B9C1 /* GroupsAndNomenclatures2.json */ = {isa = PBXFileReference; fileEncoding = 4; lastKnownFileType = text.json; path = GroupsAndNomenclatures2.json; sourceTree = "<group>"; };
		C540B2802B65B2750050B9C1 /* HomePageRow.swift */ = {isa = PBXFileReference; lastKnownFileType = sourcecode.swift; path = HomePageRow.swift; sourceTree = "<group>"; };
		C54345672B7985B6001D60DE /* MyOrderView.swift */ = {isa = PBXFileReference; lastKnownFileType = sourcecode.swift; path = MyOrderView.swift; sourceTree = "<group>"; };
		C543456B2B798850001D60DE /* HomePageVM.swift */ = {isa = PBXFileReference; lastKnownFileType = sourcecode.swift; path = HomePageVM.swift; sourceTree = "<group>"; };
		C543456D2B798F5E001D60DE /* MyOrdersView.swift */ = {isa = PBXFileReference; lastKnownFileType = sourcecode.swift; path = MyOrdersView.swift; sourceTree = "<group>"; };
		C54345702B79937C001D60DE /* BalanceView.swift */ = {isa = PBXFileReference; lastKnownFileType = sourcecode.swift; path = BalanceView.swift; sourceTree = "<group>"; };
		C54345732B79940D001D60DE /* SettingsView.swift */ = {isa = PBXFileReference; lastKnownFileType = sourcecode.swift; path = SettingsView.swift; sourceTree = "<group>"; };
		C54345762B7995A2001D60DE /* AboutView.swift */ = {isa = PBXFileReference; lastKnownFileType = sourcecode.swift; path = AboutView.swift; sourceTree = "<group>"; };
		C5443DDB2B5D8BE50082BE6F /* ProfileLoginView.swift */ = {isa = PBXFileReference; lastKnownFileType = sourcecode.swift; path = ProfileLoginView.swift; sourceTree = "<group>"; };
		C5443DDE2B5D8C150082BE6F /* Profile.swift */ = {isa = PBXFileReference; lastKnownFileType = sourcecode.swift; path = Profile.swift; sourceTree = "<group>"; };
		C5443DE12B5DAFC50082BE6F /* MainView.swift */ = {isa = PBXFileReference; lastKnownFileType = sourcecode.swift; path = MainView.swift; sourceTree = "<group>"; };
		C54FEE8B2B81897400AE8DEC /* LoginView.swift */ = {isa = PBXFileReference; lastKnownFileType = sourcecode.swift; path = LoginView.swift; sourceTree = "<group>"; };
		C5755CE82B8AA582005318A7 /* ImageModel.swift */ = {isa = PBXFileReference; lastKnownFileType = sourcecode.swift; path = ImageModel.swift; sourceTree = "<group>"; };
		C5755CEA2B8AA5F4005318A7 /* ImageViewer.swift */ = {isa = PBXFileReference; lastKnownFileType = sourcecode.swift; path = ImageViewer.swift; sourceTree = "<group>"; };
		C58AF19F2B853DF4008B0CCF /* Info.plist */ = {isa = PBXFileReference; lastKnownFileType = text.plist; path = Info.plist; sourceTree = "<group>"; };
		C58AF1A02B854B84008B0CCF /* Nomenclature2.swift */ = {isa = PBXFileReference; lastKnownFileType = sourcecode.swift; path = Nomenclature2.swift; sourceTree = "<group>"; };
		C58F7D0E2BA61CE200307B63 /* NavigationBarDetailView.swift */ = {isa = PBXFileReference; lastKnownFileType = sourcecode.swift; path = NavigationBarDetailView.swift; sourceTree = "<group>"; };
		C58F7D142BA61E6F00307B63 /* Shop.swift */ = {isa = PBXFileReference; lastKnownFileType = sourcecode.swift; path = Shop.swift; sourceTree = "<group>"; };
		C58F7D172BA61EFB00307B63 /* product.json */ = {isa = PBXFileReference; fileEncoding = 4; lastKnownFileType = text.json; path = product.json; sourceTree = "<group>"; };
		C58F7D1A2BA61F4B00307B63 /* ProductModel.swift */ = {isa = PBXFileReference; lastKnownFileType = sourcecode.swift; path = ProductModel.swift; sourceTree = "<group>"; };
		C58F7D1C2BA61FC100307B63 /* Constant.swift */ = {isa = PBXFileReference; lastKnownFileType = sourcecode.swift; path = Constant.swift; sourceTree = "<group>"; };
		C58F7D1E2BA62BFE00307B63 /* HeaderDetailView.swift */ = {isa = PBXFileReference; lastKnownFileType = sourcecode.swift; path = HeaderDetailView.swift; sourceTree = "<group>"; };
		C58F7D202BA62E7400307B63 /* TopPartDetailView.swift */ = {isa = PBXFileReference; lastKnownFileType = sourcecode.swift; path = TopPartDetailView.swift; sourceTree = "<group>"; };
		C58F7D222BA637B700307B63 /* RatingsSizesDetailView.swift */ = {isa = PBXFileReference; lastKnownFileType = sourcecode.swift; path = RatingsSizesDetailView.swift; sourceTree = "<group>"; };
		C58F7D242BA639ED00307B63 /* QuantityFavouriteDetailView.swift */ = {isa = PBXFileReference; lastKnownFileType = sourcecode.swift; path = QuantityFavouriteDetailView.swift; sourceTree = "<group>"; };
		C58F7D262BA63ADF00307B63 /* AddToCartDetailView.swift */ = {isa = PBXFileReference; lastKnownFileType = sourcecode.swift; path = AddToCartDetailView.swift; sourceTree = "<group>"; };
		C58F7D282BA63BB300307B63 /* CustomShape.swift */ = {isa = PBXFileReference; lastKnownFileType = sourcecode.swift; path = CustomShape.swift; sourceTree = "<group>"; };
		C58F7D2B2BA63DDC00307B63 /* NavigationBarView.swift */ = {isa = PBXFileReference; lastKnownFileType = sourcecode.swift; path = NavigationBarView.swift; sourceTree = "<group>"; };
		C58F7D2D2BA63E4200307B63 /* LogoView.swift */ = {isa = PBXFileReference; lastKnownFileType = sourcecode.swift; path = LogoView.swift; sourceTree = "<group>"; };
		C5930DEE2B9C719700287F48 /* CustomBackgroundView.swift */ = {isa = PBXFileReference; lastKnownFileType = sourcecode.swift; path = CustomBackgroundView.swift; sourceTree = "<group>"; };
		C5930DF12B9C720F00287F48 /* ColorExtention.swift */ = {isa = PBXFileReference; lastKnownFileType = sourcecode.swift; path = ColorExtention.swift; sourceTree = "<group>"; };
		C5930DF32B9D03ED00287F48 /* GradientButtonStyle.swift */ = {isa = PBXFileReference; lastKnownFileType = sourcecode.swift; path = GradientButtonStyle.swift; sourceTree = "<group>"; };
		C59548602BFC9FA1002F2BD6 /* NavigationBarSearchListNomenclatureView.swift */ = {isa = PBXFileReference; lastKnownFileType = sourcecode.swift; path = NavigationBarSearchListNomenclatureView.swift; sourceTree = "<group>"; };
		C5966FAE2B77768B00A0A693 /* NomenclatureView.swift */ = {isa = PBXFileReference; lastKnownFileType = sourcecode.swift; path = NomenclatureView.swift; sourceTree = "<group>"; };
		C5966FB12B7777B100A0A693 /* NetworkService.swift */ = {isa = PBXFileReference; lastKnownFileType = sourcecode.swift; path = NetworkService.swift; sourceTree = "<group>"; };
		C5A063562BCC2C0B005A48DA /* NomenclatureManager.swift */ = {isa = PBXFileReference; lastKnownFileType = sourcecode.swift; path = NomenclatureManager.swift; sourceTree = "<group>"; };
		C5A063582BCC3B3E005A48DA /* GroupManager.swift */ = {isa = PBXFileReference; lastKnownFileType = sourcecode.swift; path = GroupManager.swift; sourceTree = "<group>"; };
		C5B170542BDC7A500068411D /* OneBasketView.swift */ = {isa = PBXFileReference; lastKnownFileType = sourcecode.swift; path = OneBasketView.swift; sourceTree = "<group>"; };
		C5B170562BDC7F140068411D /* Characteristicses.swift */ = {isa = PBXFileReference; lastKnownFileType = sourcecode.swift; path = Characteristicses.swift; sourceTree = "<group>"; };
		C5B170582BDC883D0068411D /* Basket.swift */ = {isa = PBXFileReference; lastKnownFileType = sourcecode.swift; path = Basket.swift; sourceTree = "<group>"; };
		C5B1705C2BDC911E0068411D /* Basket.json */ = {isa = PBXFileReference; fileEncoding = 4; lastKnownFileType = text.json; path = Basket.json; sourceTree = "<group>"; };
		C5B40C002B4B3CCB00847EE4 /* Megadrop.app */ = {isa = PBXFileReference; explicitFileType = wrapper.application; includeInIndex = 0; path = Megadrop.app; sourceTree = BUILT_PRODUCTS_DIR; };
		C5B40C032B4B3CCB00847EE4 /* MegadropApp.swift */ = {isa = PBXFileReference; lastKnownFileType = sourcecode.swift; path = MegadropApp.swift; sourceTree = "<group>"; };
		C5B40C052B4B3CCB00847EE4 /* ContentView.swift */ = {isa = PBXFileReference; lastKnownFileType = sourcecode.swift; path = ContentView.swift; sourceTree = "<group>"; };
		C5B40C072B4B3CCD00847EE4 /* Assets.xcassets */ = {isa = PBXFileReference; lastKnownFileType = folder.assetcatalog; path = Assets.xcassets; sourceTree = "<group>"; };
		C5B40C0A2B4B3CCD00847EE4 /* Preview Assets.xcassets */ = {isa = PBXFileReference; lastKnownFileType = folder.assetcatalog; path = "Preview Assets.xcassets"; sourceTree = "<group>"; };
		C5B40C132B4B47EE00847EE4 /* LogoImage.swift */ = {isa = PBXFileReference; lastKnownFileType = sourcecode.swift; path = LogoImage.swift; sourceTree = "<group>"; };
		C5B4D8342B669C3C009CE4A1 /* HomePageNomenclature.swift */ = {isa = PBXFileReference; lastKnownFileType = sourcecode.swift; path = HomePageNomenclature.swift; sourceTree = "<group>"; };
		C5B4D8362B66A56A009CE4A1 /* Nomenclature.swift */ = {isa = PBXFileReference; lastKnownFileType = sourcecode.swift; path = Nomenclature.swift; sourceTree = "<group>"; };
		C5B4D8382B66A839009CE4A1 /* HomePageListNomenclature.swift */ = {isa = PBXFileReference; lastKnownFileType = sourcecode.swift; path = HomePageListNomenclature.swift; sourceTree = "<group>"; };
		C5B4D83A2B66AF3B009CE4A1 /* HomePageGroup.swift */ = {isa = PBXFileReference; lastKnownFileType = sourcecode.swift; path = HomePageGroup.swift; sourceTree = "<group>"; };
		C5B8A0162BD316BD00F85BCE /* BasketReply.swift */ = {isa = PBXFileReference; lastKnownFileType = sourcecode.swift; path = BasketReply.swift; sourceTree = "<group>"; };
		C5C4B0972BF5DEBF00FF0C98 /* NavigationBarHomeView.swift */ = {isa = PBXFileReference; lastKnownFileType = sourcecode.swift; path = NavigationBarHomeView.swift; sourceTree = "<group>"; };
		C5C4B0992BF5E50F00FF0C98 /* DetailsView.swift */ = {isa = PBXFileReference; lastKnownFileType = sourcecode.swift; path = DetailsView.swift; sourceTree = "<group>"; };
		C5CFBBB32BB76A340087B6EA /* ImageLoader.swift */ = {isa = PBXFileReference; lastKnownFileType = sourcecode.swift; path = ImageLoader.swift; sourceTree = "<group>"; };
		C5CFBBB52BB76AA80087B6EA /* ImageData.swift */ = {isa = PBXFileReference; lastKnownFileType = sourcecode.swift; path = ImageData.swift; sourceTree = "<group>"; };
		C5CFBBB72BB76EEA0087B6EA /* NomenclatureFullDataLoader.swift */ = {isa = PBXFileReference; lastKnownFileType = sourcecode.swift; path = NomenclatureFullDataLoader.swift; sourceTree = "<group>"; };
		C5D732FC2B8F058B002D770F /* PictureNomenclature.swift */ = {isa = PBXFileReference; lastKnownFileType = sourcecode.swift; path = PictureNomenclature.swift; sourceTree = "<group>"; };
		C5E8D5F12B95A5660032F0BD /* Nomenclature3.swift */ = {isa = PBXFileReference; lastKnownFileType = sourcecode.swift; path = Nomenclature3.swift; sourceTree = "<group>"; };
		C5EF5C812BDCF32500623F9D /* BasketManager.swift */ = {isa = PBXFileReference; lastKnownFileType = sourcecode.swift; path = BasketManager.swift; sourceTree = "<group>"; };
/* End PBXFileReference section */

/* Begin PBXFrameworksBuildPhase section */
		C5B40BFD2B4B3CCB00847EE4 /* Frameworks */ = {
			isa = PBXFrameworksBuildPhase;
			buildActionMask = 2147483647;
			files = (
			);
			runOnlyForDeploymentPostprocessing = 0;
		};
/* End PBXFrameworksBuildPhase section */

/* Begin PBXGroup section */
		C524791C2B9521FF00B591FA /* TestModel */ = {
			isa = PBXGroup;
			children = (
				C524791D2B95224B00B591FA /* DataLoader.swift */,
				C524791F2B95240600B591FA /* ContentViewTest.swift */,
				C53F43752B9E50D500A6E0FA /* Characteristics.swift */,
				C53F43772B9E521F00A6E0FA /* DataLoaderFullNomenclature.swift */,
			);
			path = TestModel;
			sourceTree = "<group>";
		};
		C540B26C2B65A2020050B9C1 /* LoginGroup */ = {
			isa = PBXGroup;
			children = (
				C540B25B2B658A300050B9C1 /* MainLoginView.swift */,
				C5443DDB2B5D8BE50082BE6F /* ProfileLoginView.swift */,
				C54FEE8B2B81897400AE8DEC /* LoginView.swift */,
			);
			path = LoginGroup;
			sourceTree = "<group>";
		};
		C540B26D2B65A2210050B9C1 /* OldGroup */ = {
			isa = PBXGroup;
			children = (
				C58C594E2BB36C0B0083EE4C /* Demo */,
				C540B2782B65AC520050B9C1 /* HomePageItem.swift */,
				C540B27A2B65AC780050B9C1 /* HomePageDetail.swift */,
				C540B2802B65B2750050B9C1 /* HomePageRow.swift */,
				C5B40C052B4B3CCB00847EE4 /* ContentView.swift */,
			);
			path = OldGroup;
			sourceTree = "<group>";
		};
		C540B26E2B65A23A0050B9C1 /* ImageGroup */ = {
			isa = PBXGroup;
			children = (
				C540B2592B64F5520050B9C1 /* LogoImageCircle.swift */,
				C5B40C132B4B47EE00847EE4 /* LogoImage.swift */,
			);
			path = ImageGroup;
			sourceTree = "<group>";
		};
		C540B26F2B65A2920050B9C1 /* MainGroup */ = {
			isa = PBXGroup;
			children = (
				C540B2772B65AC110050B9C1 /* HomePageGroup */,
				C5966FB32B777BC900A0A693 /* CatalogGroup */,
				C5966FB42B777BDF00A0A693 /* BasketGroup */,
				C5966FB52B777BF700A0A693 /* CabinetGroup */,
				C5443DE12B5DAFC50082BE6F /* MainView.swift */,
			);
			path = MainGroup;
			sourceTree = "<group>";
		};
		C540B2702B65A2C30050B9C1 /* Resources */ = {
			isa = PBXGroup;
			children = (
				C5B1705C2BDC911E0068411D /* Basket.json */,
				C540B27E2B65B0290050B9C1 /* GroupsAndNomenclatures2.json */,
				C540B2752B65AA220050B9C1 /* GroupsAndNomenclatures.json */,
			);
			path = Resources;
			sourceTree = "<group>";
		};
		C540B2772B65AC110050B9C1 /* HomePageGroup */ = {
			isa = PBXGroup;
			children = (
				C543456A2B79880B001D60DE /* HomePageVMS */,
				C54345692B7987CD001D60DE /* HomePageViews */,
			);
			path = HomePageGroup;
			sourceTree = "<group>";
		};
		C54345662B798597001D60DE /* MyOrdersGroup */ = {
			isa = PBXGroup;
			children = (
				C54345672B7985B6001D60DE /* MyOrderView.swift */,
				C543456D2B798F5E001D60DE /* MyOrdersView.swift */,
			);
			path = MyOrdersGroup;
			sourceTree = "<group>";
		};
		C54345692B7987CD001D60DE /* HomePageViews */ = {
			isa = PBXGroup;
			children = (
				C5966FB62B777C0B00A0A693 /* NomenclatureGroup */,
				C5B4D8342B669C3C009CE4A1 /* HomePageNomenclature.swift */,
				C5B4D8382B66A839009CE4A1 /* HomePageListNomenclature.swift */,
				C5B4D83A2B66AF3B009CE4A1 /* HomePageGroup.swift */,
				C540B2642B6593600050B9C1 /* HomePageView.swift */,
			);
			name = HomePageViews;
			sourceTree = "<group>";
		};
		C543456A2B79880B001D60DE /* HomePageVMS */ = {
			isa = PBXGroup;
			children = (
				C543456B2B798850001D60DE /* HomePageVM.swift */,
			);
			name = HomePageVMS;
			sourceTree = "<group>";
		};
		C543456F2B799364001D60DE /* BalanceGroup */ = {
			isa = PBXGroup;
			children = (
				C54345702B79937C001D60DE /* BalanceView.swift */,
			);
			path = BalanceGroup;
			sourceTree = "<group>";
		};
		C54345722B7993F3001D60DE /* SettingGroup */ = {
			isa = PBXGroup;
			children = (
				C54345732B79940D001D60DE /* SettingsView.swift */,
			);
			path = SettingGroup;
			sourceTree = "<group>";
		};
		C54345752B79957E001D60DE /* AboutApplication */ = {
			isa = PBXGroup;
			children = (
				C54345762B7995A2001D60DE /* AboutView.swift */,
			);
			path = AboutApplication;
			sourceTree = "<group>";
		};
		C5443DDD2B5D8C040082BE6F /* Model */ = {
			isa = PBXGroup;
			children = (
				C524791C2B9521FF00B591FA /* TestModel */,
				C5E733492B93A000007AF49F /* XDTO */,
				C5966FB02B77779300A0A693 /* Service */,
				C5443DDE2B5D8C150082BE6F /* Profile.swift */,
				C5755CE82B8AA582005318A7 /* ImageModel.swift */,
				C540B2712B65A4720050B9C1 /* ModelData.swift */,
				C5CFBBB32BB76A340087B6EA /* ImageLoader.swift */,
				C5CFBBB72BB76EEA0087B6EA /* NomenclatureFullDataLoader.swift */,
				C5A063562BCC2C0B005A48DA /* NomenclatureManager.swift */,
				C5A063582BCC3B3E005A48DA /* GroupManager.swift */,
				C5EF5C812BDCF32500623F9D /* BasketManager.swift */,
			);
			path = Model;
			sourceTree = "<group>";
		};
		C5443DE02B5DACFA0082BE6F /* Views */ = {
			isa = PBXGroup;
			children = (
				C540B26C2B65A2020050B9C1 /* LoginGroup */,
				C540B26F2B65A2920050B9C1 /* MainGroup */,
				C540B26E2B65A23A0050B9C1 /* ImageGroup */,
				C540B26D2B65A2210050B9C1 /* OldGroup */,
				C5C4B0972BF5DEBF00FF0C98 /* NavigationBarHomeView.swift */,
			);
			path = Views;
			sourceTree = "<group>";
		};
		C58C594E2BB36C0B0083EE4C /* Demo */ = {
			isa = PBXGroup;
			children = (
				C53973652B8295A600628EC3 /* ExView.swift */,
				C53973672B829A7800628EC3 /* YourViewModel.swift */,
				C5755CEA2B8AA5F4005318A7 /* ImageViewer.swift */,
			);
			path = Demo;
			sourceTree = "<group>";
		};
		C58F7D102BA61DB100307B63 /* FromTouchDown */ = {
			isa = PBXGroup;
			children = (
				C58F7D122BA61E2900307B63 /* View */,
				C58F7D162BA61E8D00307B63 /* Data */,
				C58F7D192BA61F3400307B63 /* Model */,
				C58F7D132BA61E5000307B63 /* Utility */,
			);
			path = FromTouchDown;
			sourceTree = "<group>";
		};
		C58F7D112BA61DEF00307B63 /* Detail */ = {
			isa = PBXGroup;
			children = (
				C58F7D0E2BA61CE200307B63 /* NavigationBarDetailView.swift */,
				C59548602BFC9FA1002F2BD6 /* NavigationBarSearchListNomenclatureView.swift */,
				C58F7D1E2BA62BFE00307B63 /* HeaderDetailView.swift */,
				C58F7D202BA62E7400307B63 /* TopPartDetailView.swift */,
				C58F7D222BA637B700307B63 /* RatingsSizesDetailView.swift */,
				C58F7D242BA639ED00307B63 /* QuantityFavouriteDetailView.swift */,
				C58F7D262BA63ADF00307B63 /* AddToCartDetailView.swift */,
			);
			path = Detail;
			sourceTree = "<group>";
		};
		C58F7D122BA61E2900307B63 /* View */ = {
			isa = PBXGroup;
			children = (
				C58F7D2A2BA63DC900307B63 /* Home */,
				C58F7D112BA61DEF00307B63 /* Detail */,
			);
			path = View;
			sourceTree = "<group>";
		};
		C58F7D132BA61E5000307B63 /* Utility */ = {
			isa = PBXGroup;
			children = (
				C58F7D142BA61E6F00307B63 /* Shop.swift */,
				C58F7D1C2BA61FC100307B63 /* Constant.swift */,
				C58F7D282BA63BB300307B63 /* CustomShape.swift */,
			);
			path = Utility;
			sourceTree = "<group>";
		};
		C58F7D162BA61E8D00307B63 /* Data */ = {
			isa = PBXGroup;
			children = (
				C58F7D172BA61EFB00307B63 /* product.json */,
			);
			path = Data;
			sourceTree = "<group>";
		};
		C58F7D192BA61F3400307B63 /* Model */ = {
			isa = PBXGroup;
			children = (
				C58F7D1A2BA61F4B00307B63 /* ProductModel.swift */,
			);
			path = Model;
			sourceTree = "<group>";
		};
		C58F7D2A2BA63DC900307B63 /* Home */ = {
			isa = PBXGroup;
			children = (
				C58F7D2B2BA63DDC00307B63 /* NavigationBarView.swift */,
				C58F7D2D2BA63E4200307B63 /* LogoView.swift */,
			);
			path = Home;
			sourceTree = "<group>";
		};
		C5930DED2B9C717800287F48 /* Component */ = {
			isa = PBXGroup;
			children = (
				C5930DEE2B9C719700287F48 /* CustomBackgroundView.swift */,
			);
			path = Component;
			sourceTree = "<group>";
		};
		C5930DF02B9C71EF00287F48 /* Utility */ = {
			isa = PBXGroup;
			children = (
				C5930DF12B9C720F00287F48 /* ColorExtention.swift */,
				C5930DF32B9D03ED00287F48 /* GradientButtonStyle.swift */,
				C53973692B829B7B00628EC3 /* Tab.swift */,
			);
			path = Utility;
			sourceTree = "<group>";
		};
		C5966FB02B77779300A0A693 /* Service */ = {
			isa = PBXGroup;
			children = (
				C5966FB12B7777B100A0A693 /* NetworkService.swift */,
			);
			path = Service;
			sourceTree = "<group>";
		};
		C5966FB32B777BC900A0A693 /* CatalogGroup */ = {
			isa = PBXGroup;
			children = (
				C540B2662B6593D60050B9C1 /* CatalogView.swift */,
			);
			path = CatalogGroup;
			sourceTree = "<group>";
		};
		C5966FB42B777BDF00A0A693 /* BasketGroup */ = {
			isa = PBXGroup;
			children = (
				C5B170542BDC7A500068411D /* OneBasketView.swift */,
				C540B2682B6594370050B9C1 /* BasketView.swift */,
			);
			path = BasketGroup;
			sourceTree = "<group>";
		};
		C5966FB52B777BF700A0A693 /* CabinetGroup */ = {
			isa = PBXGroup;
			children = (
				C540B26A2B6594A50050B9C1 /* CabinetView.swift */,
				C54345662B798597001D60DE /* MyOrdersGroup */,
				C543456F2B799364001D60DE /* BalanceGroup */,
				C54345722B7993F3001D60DE /* SettingGroup */,
				C54345752B79957E001D60DE /* AboutApplication */,
			);
			path = CabinetGroup;
			sourceTree = "<group>";
		};
		C5966FB62B777C0B00A0A693 /* NomenclatureGroup */ = {
			isa = PBXGroup;
			children = (
				C5966FAE2B77768B00A0A693 /* NomenclatureView.swift */,
				C539CA732B8C5B5B009D9A65 /* NomenclatureViewModel.swift */,
				C5C4B0992BF5E50F00FF0C98 /* DetailsView.swift */,
			);
			path = NomenclatureGroup;
			sourceTree = "<group>";
		};
		C5B40BF72B4B3CCB00847EE4 = {
			isa = PBXGroup;
			children = (
				C5B40C022B4B3CCB00847EE4 /* Megadrop */,
				C5B40C012B4B3CCB00847EE4 /* Products */,
			);
			sourceTree = "<group>";
		};
		C5B40C012B4B3CCB00847EE4 /* Products */ = {
			isa = PBXGroup;
			children = (
				C5B40C002B4B3CCB00847EE4 /* Megadrop.app */,
			);
			name = Products;
			sourceTree = "<group>";
		};
		C5B40C022B4B3CCB00847EE4 /* Megadrop */ = {
			isa = PBXGroup;
			children = (
				C58F7D102BA61DB100307B63 /* FromTouchDown */,
				C5930DF02B9C71EF00287F48 /* Utility */,
				C5930DED2B9C717800287F48 /* Component */,
				C58AF19F2B853DF4008B0CCF /* Info.plist */,
				C540B2702B65A2C30050B9C1 /* Resources */,
				C5443DE02B5DACFA0082BE6F /* Views */,
				C5443DDD2B5D8C040082BE6F /* Model */,
				C5B40C032B4B3CCB00847EE4 /* MegadropApp.swift */,
				C5B40C072B4B3CCD00847EE4 /* Assets.xcassets */,
				C5B40C092B4B3CCD00847EE4 /* Preview Content */,
			);
			path = Megadrop;
			sourceTree = "<group>";
		};
		C5B40C092B4B3CCD00847EE4 /* Preview Content */ = {
			isa = PBXGroup;
			children = (
				C5B40C0A2B4B3CCD00847EE4 /* Preview Assets.xcassets */,
			);
			path = "Preview Content";
			sourceTree = "<group>";
		};
		C5E733492B93A000007AF49F /* XDTO */ = {
			isa = PBXGroup;
			children = (
				C5EF5C842BDE795400623F9D /* Old */,
				C5EF5C832BDE791800623F9D /* GroupsAndNomenclatures */,
				C5D732FC2B8F058B002D770F /* PictureNomenclature.swift */,
				C5CFBBB52BB76AA80087B6EA /* ImageData.swift */,
				C5B8A0162BD316BD00F85BCE /* BasketReply.swift */,
				C5B170582BDC883D0068411D /* Basket.swift */,
			);
			path = XDTO;
			sourceTree = "<group>";
		};
		C5EF5C832BDE791800623F9D /* GroupsAndNomenclatures */ = {
			isa = PBXGroup;
			children = (
				C540B2732B65A5B10050B9C1 /* GroupWithNomenclatures.swift */,
				C58AF1A02B854B84008B0CCF /* Nomenclature2.swift */,
				C5B170562BDC7F140068411D /* Characteristicses.swift */,
			);
			path = GroupsAndNomenclatures;
			sourceTree = "<group>";
		};
		C5EF5C842BDE795400623F9D /* Old */ = {
			isa = PBXGroup;
			children = (
				C5B4D8362B66A56A009CE4A1 /* Nomenclature.swift */,
				C5E8D5F12B95A5660032F0BD /* Nomenclature3.swift */,
			);
			path = Old;
			sourceTree = "<group>";
		};
/* End PBXGroup section */

/* Begin PBXNativeTarget section */
		C5B40BFF2B4B3CCB00847EE4 /* Megadrop */ = {
			isa = PBXNativeTarget;
			buildConfigurationList = C5B40C0E2B4B3CCD00847EE4 /* Build configuration list for PBXNativeTarget "Megadrop" */;
			buildPhases = (
				C5B40BFC2B4B3CCB00847EE4 /* Sources */,
				C5B40BFD2B4B3CCB00847EE4 /* Frameworks */,
				C5B40BFE2B4B3CCB00847EE4 /* Resources */,
			);
			buildRules = (
			);
			dependencies = (
			);
			name = Megadrop;
			productName = Megadrop;
			productReference = C5B40C002B4B3CCB00847EE4 /* Megadrop.app */;
			productType = "com.apple.product-type.application";
		};
/* End PBXNativeTarget section */

/* Begin PBXProject section */
		C5B40BF82B4B3CCB00847EE4 /* Project object */ = {
			isa = PBXProject;
			attributes = {
				BuildIndependentTargetsInParallel = 1;
				LastSwiftUpdateCheck = 1510;
				LastUpgradeCheck = 1510;
				TargetAttributes = {
					C5B40BFF2B4B3CCB00847EE4 = {
						CreatedOnToolsVersion = 15.1;
					};
				};
			};
			buildConfigurationList = C5B40BFB2B4B3CCB00847EE4 /* Build configuration list for PBXProject "Megadrop" */;
			compatibilityVersion = "Xcode 14.0";
			developmentRegion = en;
			hasScannedForEncodings = 0;
			knownRegions = (
				en,
				Base,
			);
			mainGroup = C5B40BF72B4B3CCB00847EE4;
			productRefGroup = C5B40C012B4B3CCB00847EE4 /* Products */;
			projectDirPath = "";
			projectRoot = "";
			targets = (
				C5B40BFF2B4B3CCB00847EE4 /* Megadrop */,
			);
		};
/* End PBXProject section */

/* Begin PBXResourcesBuildPhase section */
		C5B40BFE2B4B3CCB00847EE4 /* Resources */ = {
			isa = PBXResourcesBuildPhase;
			buildActionMask = 2147483647;
			files = (
				C5B40C0B2B4B3CCD00847EE4 /* Preview Assets.xcassets in Resources */,
				C540B27F2B65B0290050B9C1 /* GroupsAndNomenclatures2.json in Resources */,
				C540B2762B65AA220050B9C1 /* GroupsAndNomenclatures.json in Resources */,
				C5B40C082B4B3CCD00847EE4 /* Assets.xcassets in Resources */,
				C58F7D182BA61EFB00307B63 /* product.json in Resources */,
				C5B1705D2BDC911E0068411D /* Basket.json in Resources */,
			);
			runOnlyForDeploymentPostprocessing = 0;
		};
/* End PBXResourcesBuildPhase section */

/* Begin PBXSourcesBuildPhase section */
		C5B40BFC2B4B3CCB00847EE4 /* Sources */ = {
			isa = PBXSourcesBuildPhase;
			buildActionMask = 2147483647;
			files = (
				C540B2742B65A5B10050B9C1 /* GroupWithNomenclatures.swift in Sources */,
				C5C4B09A2BF5E50F00FF0C98 /* DetailsView.swift in Sources */,
				C540B2692B6594370050B9C1 /* BasketView.swift in Sources */,
				C5966FB22B7777B100A0A693 /* NetworkService.swift in Sources */,
				C58F7D272BA63ADF00307B63 /* AddToCartDetailView.swift in Sources */,
				C58F7D232BA637B700307B63 /* RatingsSizesDetailView.swift in Sources */,
				C5B170592BDC883D0068411D /* Basket.swift in Sources */,
				C54345772B7995A2001D60DE /* AboutView.swift in Sources */,
				C543456E2B798F5E001D60DE /* MyOrdersView.swift in Sources */,
				C540B2792B65AC520050B9C1 /* HomePageItem.swift in Sources */,
				C58F7D0F2BA61CE200307B63 /* NavigationBarDetailView.swift in Sources */,
				C5755CE92B8AA582005318A7 /* ImageModel.swift in Sources */,
				C5930DF42B9D03ED00287F48 /* GradientButtonStyle.swift in Sources */,
				C539CA742B8C5B5B009D9A65 /* NomenclatureViewModel.swift in Sources */,
				C540B26B2B6594A50050B9C1 /* CabinetView.swift in Sources */,
				C5443DDF2B5D8C150082BE6F /* Profile.swift in Sources */,
				C5930DF22B9C720F00287F48 /* ColorExtention.swift in Sources */,
				C59548612BFC9FA1002F2BD6 /* NavigationBarSearchListNomenclatureView.swift in Sources */,
				C540B2722B65A4720050B9C1 /* ModelData.swift in Sources */,
				C58F7D212BA62E7400307B63 /* TopPartDetailView.swift in Sources */,
				C53973682B829A7800628EC3 /* YourViewModel.swift in Sources */,
				C58F7D152BA61E6F00307B63 /* Shop.swift in Sources */,
				C53F43782B9E521F00A6E0FA /* DataLoaderFullNomenclature.swift in Sources */,
				C58F7D1D2BA61FC100307B63 /* Constant.swift in Sources */,
				C5CFBBB42BB76A340087B6EA /* ImageLoader.swift in Sources */,
				C5443DE22B5DAFC50082BE6F /* MainView.swift in Sources */,
				C5CFBBB62BB76AA80087B6EA /* ImageData.swift in Sources */,
				C5D732FD2B8F058B002D770F /* PictureNomenclature.swift in Sources */,
				C5E8D5F22B95A5660032F0BD /* Nomenclature3.swift in Sources */,
				C5B40C142B4B47EF00847EE4 /* LogoImage.swift in Sources */,
				C53973662B8295A600628EC3 /* ExView.swift in Sources */,
				C5B4D8352B669C3C009CE4A1 /* HomePageNomenclature.swift in Sources */,
				C540B25A2B64F5520050B9C1 /* LogoImageCircle.swift in Sources */,
				C53F43762B9E50D500A6E0FA /* Characteristics.swift in Sources */,
				C58F7D1F2BA62BFE00307B63 /* HeaderDetailView.swift in Sources */,
				C540B2672B6593D60050B9C1 /* CatalogView.swift in Sources */,
				C5B170552BDC7A500068411D /* OneBasketView.swift in Sources */,
				C540B2652B6593600050B9C1 /* HomePageView.swift in Sources */,
				C58F7D2C2BA63DDC00307B63 /* NavigationBarView.swift in Sources */,
				C5A063592BCC3B3E005A48DA /* GroupManager.swift in Sources */,
				C5B4D8372B66A56A009CE4A1 /* Nomenclature.swift in Sources */,
				C5B170572BDC7F140068411D /* Characteristicses.swift in Sources */,
				C540B27B2B65AC780050B9C1 /* HomePageDetail.swift in Sources */,
				C5B40C062B4B3CCB00847EE4 /* ContentView.swift in Sources */,
				C54FEE8C2B81897400AE8DEC /* LoginView.swift in Sources */,
				C5B4D83B2B66AF3B009CE4A1 /* HomePageGroup.swift in Sources */,
				C54345682B7985B6001D60DE /* MyOrderView.swift in Sources */,
				C5930DEF2B9C719700287F48 /* CustomBackgroundView.swift in Sources */,
				C5B40C042B4B3CCB00847EE4 /* MegadropApp.swift in Sources */,
				C5EF5C822BDCF32500623F9D /* BasketManager.swift in Sources */,
				C58F7D292BA63BB300307B63 /* CustomShape.swift in Sources */,
				C5CFBBB82BB76EEA0087B6EA /* NomenclatureFullDataLoader.swift in Sources */,
				C5B4D8392B66A839009CE4A1 /* HomePageListNomenclature.swift in Sources */,
				C54345742B79940D001D60DE /* SettingsView.swift in Sources */,
				C543456C2B798850001D60DE /* HomePageVM.swift in Sources */,
				C52479202B95240600B591FA /* ContentViewTest.swift in Sources */,
				C539736A2B829B7B00628EC3 /* Tab.swift in Sources */,
				C5A063572BCC2C0B005A48DA /* NomenclatureManager.swift in Sources */,
				C58F7D2E2BA63E4200307B63 /* LogoView.swift in Sources */,
				C540B25C2B658A300050B9C1 /* MainLoginView.swift in Sources */,
				C58AF1A12B854B84008B0CCF /* Nomenclature2.swift in Sources */,
				C5443DDC2B5D8BE50082BE6F /* ProfileLoginView.swift in Sources */,
				C54345712B79937C001D60DE /* BalanceView.swift in Sources */,
				C524791E2B95224B00B591FA /* DataLoader.swift in Sources */,
				C5755CEB2B8AA5F4005318A7 /* ImageViewer.swift in Sources */,
				C540B2812B65B2750050B9C1 /* HomePageRow.swift in Sources */,
				C5B8A0172BD316BD00F85BCE /* BasketReply.swift in Sources */,
				C5C4B0982BF5DEBF00FF0C98 /* NavigationBarHomeView.swift in Sources */,
				C58F7D1B2BA61F4B00307B63 /* ProductModel.swift in Sources */,
				C58F7D252BA639ED00307B63 /* QuantityFavouriteDetailView.swift in Sources */,
				C5966FAF2B77768B00A0A693 /* NomenclatureView.swift in Sources */,
			);
			runOnlyForDeploymentPostprocessing = 0;
		};
/* End PBXSourcesBuildPhase section */

/* Begin XCBuildConfiguration section */
		C5B40C0C2B4B3CCD00847EE4 /* Debug */ = {
			isa = XCBuildConfiguration;
			buildSettings = {
				ALWAYS_SEARCH_USER_PATHS = NO;
				ASSETCATALOG_COMPILER_GENERATE_SWIFT_ASSET_SYMBOL_EXTENSIONS = YES;
				CLANG_ANALYZER_NONNULL = YES;
				CLANG_ANALYZER_NUMBER_OBJECT_CONVERSION = YES_AGGRESSIVE;
				CLANG_CXX_LANGUAGE_STANDARD = "gnu++20";
				CLANG_ENABLE_MODULES = YES;
				CLANG_ENABLE_OBJC_ARC = YES;
				CLANG_ENABLE_OBJC_WEAK = YES;
				CLANG_WARN_BLOCK_CAPTURE_AUTORELEASING = YES;
				CLANG_WARN_BOOL_CONVERSION = YES;
				CLANG_WARN_COMMA = YES;
				CLANG_WARN_CONSTANT_CONVERSION = YES;
				CLANG_WARN_DEPRECATED_OBJC_IMPLEMENTATIONS = YES;
				CLANG_WARN_DIRECT_OBJC_ISA_USAGE = YES_ERROR;
				CLANG_WARN_DOCUMENTATION_COMMENTS = YES;
				CLANG_WARN_EMPTY_BODY = YES;
				CLANG_WARN_ENUM_CONVERSION = YES;
				CLANG_WARN_INFINITE_RECURSION = YES;
				CLANG_WARN_INT_CONVERSION = YES;
				CLANG_WARN_NON_LITERAL_NULL_CONVERSION = YES;
				CLANG_WARN_OBJC_IMPLICIT_RETAIN_SELF = YES;
				CLANG_WARN_OBJC_LITERAL_CONVERSION = YES;
				CLANG_WARN_OBJC_ROOT_CLASS = YES_ERROR;
				CLANG_WARN_QUOTED_INCLUDE_IN_FRAMEWORK_HEADER = YES;
				CLANG_WARN_RANGE_LOOP_ANALYSIS = YES;
				CLANG_WARN_STRICT_PROTOTYPES = YES;
				CLANG_WARN_SUSPICIOUS_MOVE = YES;
				CLANG_WARN_UNGUARDED_AVAILABILITY = YES_AGGRESSIVE;
				CLANG_WARN_UNREACHABLE_CODE = YES;
				CLANG_WARN__DUPLICATE_METHOD_MATCH = YES;
				COPY_PHASE_STRIP = NO;
				DEBUG_INFORMATION_FORMAT = dwarf;
				ENABLE_STRICT_OBJC_MSGSEND = YES;
				ENABLE_TESTABILITY = YES;
				ENABLE_USER_SCRIPT_SANDBOXING = YES;
				GCC_C_LANGUAGE_STANDARD = gnu17;
				GCC_DYNAMIC_NO_PIC = NO;
				GCC_NO_COMMON_BLOCKS = YES;
				GCC_OPTIMIZATION_LEVEL = 0;
				GCC_PREPROCESSOR_DEFINITIONS = (
					"DEBUG=1",
					"$(inherited)",
				);
				GCC_WARN_64_TO_32_BIT_CONVERSION = YES;
				GCC_WARN_ABOUT_RETURN_TYPE = YES_ERROR;
				GCC_WARN_UNDECLARED_SELECTOR = YES;
				GCC_WARN_UNINITIALIZED_AUTOS = YES_AGGRESSIVE;
				GCC_WARN_UNUSED_FUNCTION = YES;
				GCC_WARN_UNUSED_VARIABLE = YES;
				IPHONEOS_DEPLOYMENT_TARGET = 17.2;
				LOCALIZATION_PREFERS_STRING_CATALOGS = YES;
				MTL_ENABLE_DEBUG_INFO = INCLUDE_SOURCE;
				MTL_FAST_MATH = YES;
				ONLY_ACTIVE_ARCH = YES;
				SDKROOT = iphoneos;
				SWIFT_ACTIVE_COMPILATION_CONDITIONS = "DEBUG $(inherited)";
				SWIFT_OPTIMIZATION_LEVEL = "-Onone";
			};
			name = Debug;
		};
		C5B40C0D2B4B3CCD00847EE4 /* Release */ = {
			isa = XCBuildConfiguration;
			buildSettings = {
				ALWAYS_SEARCH_USER_PATHS = NO;
				ASSETCATALOG_COMPILER_GENERATE_SWIFT_ASSET_SYMBOL_EXTENSIONS = YES;
				CLANG_ANALYZER_NONNULL = YES;
				CLANG_ANALYZER_NUMBER_OBJECT_CONVERSION = YES_AGGRESSIVE;
				CLANG_CXX_LANGUAGE_STANDARD = "gnu++20";
				CLANG_ENABLE_MODULES = YES;
				CLANG_ENABLE_OBJC_ARC = YES;
				CLANG_ENABLE_OBJC_WEAK = YES;
				CLANG_WARN_BLOCK_CAPTURE_AUTORELEASING = YES;
				CLANG_WARN_BOOL_CONVERSION = YES;
				CLANG_WARN_COMMA = YES;
				CLANG_WARN_CONSTANT_CONVERSION = YES;
				CLANG_WARN_DEPRECATED_OBJC_IMPLEMENTATIONS = YES;
				CLANG_WARN_DIRECT_OBJC_ISA_USAGE = YES_ERROR;
				CLANG_WARN_DOCUMENTATION_COMMENTS = YES;
				CLANG_WARN_EMPTY_BODY = YES;
				CLANG_WARN_ENUM_CONVERSION = YES;
				CLANG_WARN_INFINITE_RECURSION = YES;
				CLANG_WARN_INT_CONVERSION = YES;
				CLANG_WARN_NON_LITERAL_NULL_CONVERSION = YES;
				CLANG_WARN_OBJC_IMPLICIT_RETAIN_SELF = YES;
				CLANG_WARN_OBJC_LITERAL_CONVERSION = YES;
				CLANG_WARN_OBJC_ROOT_CLASS = YES_ERROR;
				CLANG_WARN_QUOTED_INCLUDE_IN_FRAMEWORK_HEADER = YES;
				CLANG_WARN_RANGE_LOOP_ANALYSIS = YES;
				CLANG_WARN_STRICT_PROTOTYPES = YES;
				CLANG_WARN_SUSPICIOUS_MOVE = YES;
				CLANG_WARN_UNGUARDED_AVAILABILITY = YES_AGGRESSIVE;
				CLANG_WARN_UNREACHABLE_CODE = YES;
				CLANG_WARN__DUPLICATE_METHOD_MATCH = YES;
				COPY_PHASE_STRIP = NO;
				DEBUG_INFORMATION_FORMAT = "dwarf-with-dsym";
				ENABLE_NS_ASSERTIONS = NO;
				ENABLE_STRICT_OBJC_MSGSEND = YES;
				ENABLE_USER_SCRIPT_SANDBOXING = YES;
				GCC_C_LANGUAGE_STANDARD = gnu17;
				GCC_NO_COMMON_BLOCKS = YES;
				GCC_WARN_64_TO_32_BIT_CONVERSION = YES;
				GCC_WARN_ABOUT_RETURN_TYPE = YES_ERROR;
				GCC_WARN_UNDECLARED_SELECTOR = YES;
				GCC_WARN_UNINITIALIZED_AUTOS = YES_AGGRESSIVE;
				GCC_WARN_UNUSED_FUNCTION = YES;
				GCC_WARN_UNUSED_VARIABLE = YES;
				IPHONEOS_DEPLOYMENT_TARGET = 17.2;
				LOCALIZATION_PREFERS_STRING_CATALOGS = YES;
				MTL_ENABLE_DEBUG_INFO = NO;
				MTL_FAST_MATH = YES;
				SDKROOT = iphoneos;
				SWIFT_COMPILATION_MODE = wholemodule;
				VALIDATE_PRODUCT = YES;
			};
			name = Release;
		};
		C5B40C0F2B4B3CCD00847EE4 /* Debug */ = {
			isa = XCBuildConfiguration;
			buildSettings = {
				ASSETCATALOG_COMPILER_APPICON_NAME = AppIcon;
				ASSETCATALOG_COMPILER_GLOBAL_ACCENT_COLOR_NAME = AccentColor;
				CODE_SIGN_STYLE = Automatic;
				CURRENT_PROJECT_VERSION = 1;
				DEVELOPMENT_ASSET_PATHS = "\"Megadrop/Preview Content\"";
				DEVELOPMENT_TEAM = D64ZF68JB9;
				ENABLE_PREVIEWS = YES;
				GENERATE_INFOPLIST_FILE = YES;
				INFOPLIST_FILE = Megadrop/Info.plist;
				INFOPLIST_KEY_UIApplicationSceneManifest_Generation = YES;
				INFOPLIST_KEY_UIApplicationSupportsIndirectInputEvents = YES;
				INFOPLIST_KEY_UILaunchScreen_Generation = YES;
				INFOPLIST_KEY_UISupportedInterfaceOrientations = UIInterfaceOrientationPortrait;
				INFOPLIST_KEY_UISupportedInterfaceOrientations_iPad = "UIInterfaceOrientationLandscapeLeft UIInterfaceOrientationLandscapeRight UIInterfaceOrientationPortrait UIInterfaceOrientationPortraitUpsideDown";
				LD_RUNPATH_SEARCH_PATHS = (
					"$(inherited)",
					"@executable_path/Frameworks",
				);
				MARKETING_VERSION = 1.0;
				NEW_SETTING = "";
				PRODUCT_BUNDLE_IDENTIFIER = sherlock.Megadrop;
				PRODUCT_NAME = "$(TARGET_NAME)";
				SWIFT_EMIT_LOC_STRINGS = YES;
				SWIFT_VERSION = 5.0;
				TARGETED_DEVICE_FAMILY = "1,2";
			};
			name = Debug;
		};
		C5B40C102B4B3CCD00847EE4 /* Release */ = {
			isa = XCBuildConfiguration;
			buildSettings = {
				ASSETCATALOG_COMPILER_APPICON_NAME = AppIcon;
				ASSETCATALOG_COMPILER_GLOBAL_ACCENT_COLOR_NAME = AccentColor;
				CODE_SIGN_STYLE = Automatic;
				CURRENT_PROJECT_VERSION = 1;
				DEVELOPMENT_ASSET_PATHS = "\"Megadrop/Preview Content\"";
				DEVELOPMENT_TEAM = D64ZF68JB9;
				ENABLE_PREVIEWS = YES;
				GENERATE_INFOPLIST_FILE = YES;
				INFOPLIST_FILE = Megadrop/Info.plist;
				INFOPLIST_KEY_UIApplicationSceneManifest_Generation = YES;
				INFOPLIST_KEY_UIApplicationSupportsIndirectInputEvents = YES;
				INFOPLIST_KEY_UILaunchScreen_Generation = YES;
				INFOPLIST_KEY_UISupportedInterfaceOrientations = UIInterfaceOrientationPortrait;
				INFOPLIST_KEY_UISupportedInterfaceOrientations_iPad = "UIInterfaceOrientationLandscapeLeft UIInterfaceOrientationLandscapeRight UIInterfaceOrientationPortrait UIInterfaceOrientationPortraitUpsideDown";
				LD_RUNPATH_SEARCH_PATHS = (
					"$(inherited)",
					"@executable_path/Frameworks",
				);
				MARKETING_VERSION = 1.0;
				NEW_SETTING = "";
				PRODUCT_BUNDLE_IDENTIFIER = sherlock.Megadrop;
				PRODUCT_NAME = "$(TARGET_NAME)";
				SWIFT_EMIT_LOC_STRINGS = YES;
				SWIFT_VERSION = 5.0;
				TARGETED_DEVICE_FAMILY = "1,2";
			};
			name = Release;
		};
/* End XCBuildConfiguration section */

/* Begin XCConfigurationList section */
		C5B40BFB2B4B3CCB00847EE4 /* Build configuration list for PBXProject "Megadrop" */ = {
			isa = XCConfigurationList;
			buildConfigurations = (
				C5B40C0C2B4B3CCD00847EE4 /* Debug */,
				C5B40C0D2B4B3CCD00847EE4 /* Release */,
			);
			defaultConfigurationIsVisible = 0;
			defaultConfigurationName = Release;
		};
		C5B40C0E2B4B3CCD00847EE4 /* Build configuration list for PBXNativeTarget "Megadrop" */ = {
			isa = XCConfigurationList;
			buildConfigurations = (
				C5B40C0F2B4B3CCD00847EE4 /* Debug */,
				C5B40C102B4B3CCD00847EE4 /* Release */,
			);
			defaultConfigurationIsVisible = 0;
			defaultConfigurationName = Release;
		};
/* End XCConfigurationList section */
	};
	rootObject = C5B40BF82B4B3CCB00847EE4 /* Project object */;
}
